
Microsoft Visual Studio Solution File, Format Version 12.00
# Visual Studio 15
Project("{FAE04EC0-301F-11D3-BF4B-00C04F79EFBC}") = "Assembly-CSharp", "Assembly-CSharp.csproj", "{789466E5-AE6C-D4FF-0E34-39B9AE4395FA}"
EndProject
Project("{FAE04EC0-301F-11D3-BF4B-00C04F79EFBC}") = "Assembly-CSharp-Editor", "Assembly-CSharp-Editor.csproj", "{3F001E89-5D38-EDE3-4326-3F6D25BD4865}"
EndProject
Global
	GlobalSection(SolutionConfigurationPlatforms) = preSolution
		Debug|Any CPU = Debug|Any CPU
		Release|Any CPU = Release|Any CPU
	EndGlobalSection
	GlobalSection(ProjectConfigurationPlatforms) = postSolution
		{789466E5-AE6C-D4FF-0E34-39B9AE4395FA}.Debug|Any CPU.ActiveCfg = Debug|Any CPU
		{789466E5-AE6C-D4FF-0E34-39B9AE4395FA}.Debug|Any CPU.Build.0 = Debug|Any CPU
		{789466E5-AE6C-D4FF-0E34-39B9AE4395FA}.Release|Any CPU.ActiveCfg = Release|Any CPU
		{789466E5-AE6C-D4FF-0E34-39B9AE4395FA}.Release|Any CPU.Build.0 = Release|Any CPU
		{3F001E89-5D38-EDE3-4326-3F6D25BD4865}.Debug|Any CPU.ActiveCfg = Debug|Any CPU
		{3F001E89-5D38-EDE3-4326-3F6D25BD4865}.Debug|Any CPU.Build.0 = Debug|Any CPU
		{3F001E89-5D38-EDE3-4326-3F6D25BD4865}.Release|Any CPU.ActiveCfg = Release|Any CPU
		{3F001E89-5D38-EDE3-4326-3F6D25BD4865}.Release|Any CPU.Build.0 = Release|Any CPU
	EndGlobalSection
	GlobalSection(SolutionProperties) = preSolution
		HideSolutionNode = FALSE
	EndGlobalSection
EndGlobal
